// !$*UTF8*$!
{
	archiveVersion = 1;
	classes = {
	};
	objectVersion = 50;
	objects = {

/* Begin PBXBuildFile section */
		123FB89023C95B3100B665D1 /* AppDelegate.swift in Sources */ = {isa = PBXBuildFile; fileRef = 123FB88F23C95B3100B665D1 /* AppDelegate.swift */; };
		123FB89223C95B3100B665D1 /* SceneDelegate.swift in Sources */ = {isa = PBXBuildFile; fileRef = 123FB89123C95B3100B665D1 /* SceneDelegate.swift */; };
		123FB89423C95B3100B665D1 /* ContentView.swift in Sources */ = {isa = PBXBuildFile; fileRef = 123FB89323C95B3100B665D1 /* ContentView.swift */; };
		123FB89623C95B3200B665D1 /* Assets.xcassets in Resources */ = {isa = PBXBuildFile; fileRef = 123FB89523C95B3200B665D1 /* Assets.xcassets */; };
		123FB89923C95B3200B665D1 /* Preview Assets.xcassets in Resources */ = {isa = PBXBuildFile; fileRef = 123FB89823C95B3200B665D1 /* Preview Assets.xcassets */; };
		123FB89C23C95B3200B665D1 /* LaunchScreen.storyboard in Resources */ = {isa = PBXBuildFile; fileRef = 123FB89A23C95B3200B665D1 /* LaunchScreen.storyboard */; };
		123FB8C823C9941B00B665D1 /* ChildView.swift in Sources */ = {isa = PBXBuildFile; fileRef = 123FB8C723C9941B00B665D1 /* ChildView.swift */; };
		123FB8CA23C99D3E00B665D1 /* RecomendView.swift in Sources */ = {isa = PBXBuildFile; fileRef = 123FB8C923C99D3E00B665D1 /* RecomendView.swift */; };
		123FB8CE23C99D6700B665D1 /* MydataView.swift in Sources */ = {isa = PBXBuildFile; fileRef = 123FB8CD23C99D6700B665D1 /* MydataView.swift */; };
		123FB8D023C9AAD800B665D1 /* SearchView.swift in Sources */ = {isa = PBXBuildFile; fileRef = 123FB8CF23C9AAD800B665D1 /* SearchView.swift */; };
		1246EFEC23CECEE5004754C8 /* StopWatch.swift in Sources */ = {isa = PBXBuildFile; fileRef = 1246EFEB23CECEE5004754C8 /* StopWatch.swift */; };
		1246EFEE23CEFFFA004754C8 /* PersonView.swift in Sources */ = {isa = PBXBuildFile; fileRef = 1246EFED23CEFFFA004754C8 /* PersonView.swift */; };
		124F698E23D14F2600A4C593 /* NetworkManager.swift in Sources */ = {isa = PBXBuildFile; fileRef = 124F698D23D14F2600A4C593 /* NetworkManager.swift */; };
		124F699023D14F5000A4C593 /* User.swift in Sources */ = {isa = PBXBuildFile; fileRef = 124F698F23D14F5000A4C593 /* User.swift */; };
		124F699223D1768900A4C593 /* PikkerTimer.swift in Sources */ = {isa = PBXBuildFile; fileRef = 124F699123D1768900A4C593 /* PikkerTimer.swift */; };
		124F69A023D3E05E00A4C593 /* ContentWriterView.swift in Sources */ = {isa = PBXBuildFile; fileRef = 124F699F23D3E05E00A4C593 /* ContentWriterView.swift */; };
		124F69A223D3E19800A4C593 /* UserRow.swift in Sources */ = {isa = PBXBuildFile; fileRef = 124F69A123D3E19800A4C593 /* UserRow.swift */; };
		124F69A423D3E62600A4C593 /* WebView.swift in Sources */ = {isa = PBXBuildFile; fileRef = 124F69A323D3E62600A4C593 /* WebView.swift */; };
		124F69A623D3E77600A4C593 /* UserDetailView.swift in Sources */ = {isa = PBXBuildFile; fileRef = 124F69A523D3E77600A4C593 /* UserDetailView.swift */; };
		124F69AA23D523AF00A4C593 /* StopView.swift in Sources */ = {isa = PBXBuildFile; fileRef = 124F69A923D523AF00A4C593 /* StopView.swift */; };
/* End PBXBuildFile section */

/* Begin PBXFileReference section */
		123FB88C23C95B3100B665D1 /* Manga1.app */ = {isa = PBXFileReference; explicitFileType = wrapper.application; includeInIndex = 0; path = Manga1.app; sourceTree = BUILT_PRODUCTS_DIR; };
		123FB88F23C95B3100B665D1 /* AppDelegate.swift */ = {isa = PBXFileReference; lastKnownFileType = sourcecode.swift; path = AppDelegate.swift; sourceTree = "<group>"; };
		123FB89123C95B3100B665D1 /* SceneDelegate.swift */ = {isa = PBXFileReference; lastKnownFileType = sourcecode.swift; path = SceneDelegate.swift; sourceTree = "<group>"; };
		123FB89323C95B3100B665D1 /* ContentView.swift */ = {isa = PBXFileReference; lastKnownFileType = sourcecode.swift; path = ContentView.swift; sourceTree = "<group>"; };
		123FB89523C95B3200B665D1 /* Assets.xcassets */ = {isa = PBXFileReference; lastKnownFileType = folder.assetcatalog; path = Assets.xcassets; sourceTree = "<group>"; };
		123FB89823C95B3200B665D1 /* Preview Assets.xcassets */ = {isa = PBXFileReference; lastKnownFileType = folder.assetcatalog; path = "Preview Assets.xcassets"; sourceTree = "<group>"; };
		123FB89B23C95B3200B665D1 /* Base */ = {isa = PBXFileReference; lastKnownFileType = file.storyboard; name = Base; path = Base.lproj/LaunchScreen.storyboard; sourceTree = "<group>"; };
		123FB89D23C95B3200B665D1 /* Info.plist */ = {isa = PBXFileReference; lastKnownFileType = text.plist.xml; path = Info.plist; sourceTree = "<group>"; };
		123FB8C723C9941B00B665D1 /* ChildView.swift */ = {isa = PBXFileReference; lastKnownFileType = sourcecode.swift; path = ChildView.swift; sourceTree = "<group>"; };
		123FB8C923C99D3E00B665D1 /* RecomendView.swift */ = {isa = PBXFileReference; lastKnownFileType = sourcecode.swift; path = RecomendView.swift; sourceTree = "<group>"; };
		123FB8CD23C99D6700B665D1 /* MydataView.swift */ = {isa = PBXFileReference; lastKnownFileType = sourcecode.swift; path = MydataView.swift; sourceTree = "<group>"; };
		123FB8CF23C9AAD800B665D1 /* SearchView.swift */ = {isa = PBXFileReference; lastKnownFileType = sourcecode.swift; path = SearchView.swift; sourceTree = "<group>"; };
		1246EFEB23CECEE5004754C8 /* StopWatch.swift */ = {isa = PBXFileReference; lastKnownFileType = sourcecode.swift; path = StopWatch.swift; sourceTree = "<group>"; };
		1246EFED23CEFFFA004754C8 /* PersonView.swift */ = {isa = PBXFileReference; lastKnownFileType = sourcecode.swift; path = PersonView.swift; sourceTree = "<group>"; };
		124F698D23D14F2600A4C593 /* NetworkManager.swift */ = {isa = PBXFileReference; lastKnownFileType = sourcecode.swift; path = NetworkManager.swift; sourceTree = "<group>"; };
		124F698F23D14F5000A4C593 /* User.swift */ = {isa = PBXFileReference; lastKnownFileType = sourcecode.swift; path = User.swift; sourceTree = "<group>"; };
		124F699123D1768900A4C593 /* PikkerTimer.swift */ = {isa = PBXFileReference; lastKnownFileType = sourcecode.swift; path = PikkerTimer.swift; sourceTree = "<group>"; };
		124F699F23D3E05E00A4C593 /* ContentWriterView.swift */ = {isa = PBXFileReference; lastKnownFileType = sourcecode.swift; path = ContentWriterView.swift; sourceTree = "<group>"; };
		124F69A123D3E19800A4C593 /* UserRow.swift */ = {isa = PBXFileReference; lastKnownFileType = sourcecode.swift; path = UserRow.swift; sourceTree = "<group>"; };
		124F69A323D3E62600A4C593 /* WebView.swift */ = {isa = PBXFileReference; lastKnownFileType = sourcecode.swift; path = WebView.swift; sourceTree = "<group>"; };
		124F69A523D3E77600A4C593 /* UserDetailView.swift */ = {isa = PBXFileReference; lastKnownFileType = sourcecode.swift; path = UserDetailView.swift; sourceTree = "<group>"; };
		124F69A923D523AF00A4C593 /* StopView.swift */ = {isa = PBXFileReference; lastKnownFileType = sourcecode.swift; path = StopView.swift; sourceTree = "<group>"; };
/* End PBXFileReference section */

/* Begin PBXFrameworksBuildPhase section */
		123FB88923C95B3100B665D1 /* Frameworks */ = {
			isa = PBXFrameworksBuildPhase;
			buildActionMask = 2147483647;
			files = (
			);
			runOnlyForDeploymentPostprocessing = 0;
		};
/* End PBXFrameworksBuildPhase section */

/* Begin PBXGroup section */
		123FB88323C95B3100B665D1 = {
			isa = PBXGroup;
			children = (
				123FB88E23C95B3100B665D1 /* Manga1 */,
				123FB88D23C95B3100B665D1 /* Products */,
			);
			sourceTree = "<group>";
		};
		123FB88D23C95B3100B665D1 /* Products */ = {
			isa = PBXGroup;
			children = (
				123FB88C23C95B3100B665D1 /* Manga1.app */,
			);
			name = Products;
			sourceTree = "<group>";
		};
		123FB88E23C95B3100B665D1 /* Manga1 */ = {
			isa = PBXGroup;
			children = (
				123FB88F23C95B3100B665D1 /* AppDelegate.swift */,
				123FB89123C95B3100B665D1 /* SceneDelegate.swift */,
				123FB8CF23C9AAD800B665D1 /* SearchView.swift */,
				124F699623D3D76700A4C593 /* Model */,
				124F699523D3D75700A4C593 /* Store */,
				124F699323D3D70900A4C593 /* View */,
				124F699423D3D74800A4C593 /* Utiles */,
				123FB89523C95B3200B665D1 /* Assets.xcassets */,
				123FB89A23C95B3200B665D1 /* LaunchScreen.storyboard */,
				123FB89D23C95B3200B665D1 /* Info.plist */,
				123FB89723C95B3200B665D1 /* Preview Content */,
			);
			path = Manga1;
			sourceTree = "<group>";
		};
		123FB89723C95B3200B665D1 /* Preview Content */ = {
			isa = PBXGroup;
			children = (
				123FB89823C95B3200B665D1 /* Preview Assets.xcassets */,
			);
			path = "Preview Content";
			sourceTree = "<group>";
		};
		124F699323D3D70900A4C593 /* View */ = {
			isa = PBXGroup;
			children = (
				123FB89323C95B3100B665D1 /* ContentView.swift */,
				124F69A923D523AF00A4C593 /* StopView.swift */,
				124F699F23D3E05E00A4C593 /* ContentWriterView.swift */,
				124F69A123D3E19800A4C593 /* UserRow.swift */,
				124F69A523D3E77600A4C593 /* UserDetailView.swift */,
				124F69A323D3E62600A4C593 /* WebView.swift */,
				1246EFED23CEFFFA004754C8 /* PersonView.swift */,
				123FB8C723C9941B00B665D1 /* ChildView.swift */,
				123FB8C923C99D3E00B665D1 /* RecomendView.swift */,
				123FB8CD23C99D6700B665D1 /* MydataView.swift */,
			);
			path = View;
			sourceTree = "<group>";
		};
		124F699423D3D74800A4C593 /* Utiles */ = {
			isa = PBXGroup;
			children = (
				124F699123D1768900A4C593 /* PikkerTimer.swift */,
				1246EFEB23CECEE5004754C8 /* StopWatch.swift */,
			);
			path = Utiles;
			sourceTree = "<group>";
		};
		124F699523D3D75700A4C593 /* Store */ = {
			isa = PBXGroup;
			children = (
				124F698D23D14F2600A4C593 /* NetworkManager.swift */,
			);
			path = Store;
			sourceTree = "<group>";
		};
		124F699623D3D76700A4C593 /* Model */ = {
			isa = PBXGroup;
			children = (
				124F698F23D14F5000A4C593 /* User.swift */,
			);
			path = Model;
			sourceTree = "<group>";
		};
/* End PBXGroup section */

/* Begin PBXNativeTarget section */
		123FB88B23C95B3100B665D1 /* Manga1 */ = {
			isa = PBXNativeTarget;
			buildConfigurationList = 123FB8A023C95B3200B665D1 /* Build configuration list for PBXNativeTarget "Manga1" */;
			buildPhases = (
				123FB88823C95B3100B665D1 /* Sources */,
				123FB88923C95B3100B665D1 /* Frameworks */,
				123FB88A23C95B3100B665D1 /* Resources */,
			);
			buildRules = (
			);
			dependencies = (
			);
			name = Manga1;
			productName = Manga1;
			productReference = 123FB88C23C95B3100B665D1 /* Manga1.app */;
			productType = "com.apple.product-type.application";
		};
/* End PBXNativeTarget section */

/* Begin PBXProject section */
		123FB88423C95B3100B665D1 /* Project object */ = {
			isa = PBXProject;
			attributes = {
				LastSwiftUpdateCheck = 1130;
				LastUpgradeCheck = 1130;
				ORGANIZATIONNAME = "Ryota Kawasaki";
				TargetAttributes = {
					123FB88B23C95B3100B665D1 = {
						CreatedOnToolsVersion = 11.3;
					};
				};
			};
			buildConfigurationList = 123FB88723C95B3100B665D1 /* Build configuration list for PBXProject "Manga1" */;
			compatibilityVersion = "Xcode 9.3";
			developmentRegion = en;
			hasScannedForEncodings = 0;
			knownRegions = (
				en,
				Base,
			);
			mainGroup = 123FB88323C95B3100B665D1;
			productRefGroup = 123FB88D23C95B3100B665D1 /* Products */;
			projectDirPath = "";
			projectRoot = "";
			targets = (
				123FB88B23C95B3100B665D1 /* Manga1 */,
			);
		};
/* End PBXProject section */

/* Begin PBXResourcesBuildPhase section */
		123FB88A23C95B3100B665D1 /* Resources */ = {
			isa = PBXResourcesBuildPhase;
			buildActionMask = 2147483647;
			files = (
				123FB89C23C95B3200B665D1 /* LaunchScreen.storyboard in Resources */,
				123FB89923C95B3200B665D1 /* Preview Assets.xcassets in Resources */,
				123FB89623C95B3200B665D1 /* Assets.xcassets in Resources */,
			);
			runOnlyForDeploymentPostprocessing = 0;
		};
/* End PBXResourcesBuildPhase section */

/* Begin PBXSourcesBuildPhase section */
		123FB88823C95B3100B665D1 /* Sources */ = {
			isa = PBXSourcesBuildPhase;
			buildActionMask = 2147483647;
			files = (
				123FB89023C95B3100B665D1 /* AppDelegate.swift in Sources */,
				124F69A423D3E62600A4C593 /* WebView.swift in Sources */,
				123FB8CA23C99D3E00B665D1 /* RecomendView.swift in Sources */,
				123FB89223C95B3100B665D1 /* SceneDelegate.swift in Sources */,
				124F69A623D3E77600A4C593 /* UserDetailView.swift in Sources */,
				124F69A223D3E19800A4C593 /* UserRow.swift in Sources */,
				124F698E23D14F2600A4C593 /* NetworkManager.swift in Sources */,
				123FB8D023C9AAD800B665D1 /* SearchView.swift in Sources */,
				1246EFEE23CEFFFA004754C8 /* PersonView.swift in Sources */,
				124F69A023D3E05E00A4C593 /* ContentWriterView.swift in Sources */,
				124F699223D1768900A4C593 /* PikkerTimer.swift in Sources */,
				123FB89423C95B3100B665D1 /* ContentView.swift in Sources */,
				124F699023D14F5000A4C593 /* User.swift in Sources */,
				1246EFEC23CECEE5004754C8 /* StopWatch.swift in Sources */,
				123FB8C823C9941B00B665D1 /* ChildView.swift in Sources */,
				124F69AA23D523AF00A4C593 /* StopView.swift in Sources */,
				123FB8CE23C99D6700B665D1 /* MydataView.swift in Sources */,
			);
			runOnlyForDeploymentPostprocessing = 0;
		};
/* End PBXSourcesBuildPhase section */

/* Begin PBXVariantGroup section */
		123FB89A23C95B3200B665D1 /* LaunchScreen.storyboard */ = {
			isa = PBXVariantGroup;
			children = (
				123FB89B23C95B3200B665D1 /* Base */,
			);
			name = LaunchScreen.storyboard;
			sourceTree = "<group>";
		};
/* End PBXVariantGroup section */

/* Begin XCBuildConfiguration section */
		123FB89E23C95B3200B665D1 /* Debug */ = {
			isa = XCBuildConfiguration;
			buildSettings = {
				ALWAYS_SEARCH_USER_PATHS = NO;
				CLANG_ANALYZER_NONNULL = YES;
				CLANG_ANALYZER_NUMBER_OBJECT_CONVERSION = YES_AGGRESSIVE;
				CLANG_CXX_LANGUAGE_STANDARD = "gnu++14";
				CLANG_CXX_LIBRARY = "libc++";
				CLANG_ENABLE_MODULES = YES;
				CLANG_ENABLE_OBJC_ARC = YES;
				CLANG_ENABLE_OBJC_WEAK = YES;
				CLANG_WARN_BLOCK_CAPTURE_AUTORELEASING = YES;
				CLANG_WARN_BOOL_CONVERSION = YES;
				CLANG_WARN_COMMA = YES;
				CLANG_WARN_CONSTANT_CONVERSION = YES;
				CLANG_WARN_DEPRECATED_OBJC_IMPLEMENTATIONS = YES;
				CLANG_WARN_DIRECT_OBJC_ISA_USAGE = YES_ERROR;
				CLANG_WARN_DOCUMENTATION_COMMENTS = YES;
				CLANG_WARN_EMPTY_BODY = YES;
				CLANG_WARN_ENUM_CONVERSION = YES;
				CLANG_WARN_INFINITE_RECURSION = YES;
				CLANG_WARN_INT_CONVERSION = YES;
				CLANG_WARN_NON_LITERAL_NULL_CONVERSION = YES;
				CLANG_WARN_OBJC_IMPLICIT_RETAIN_SELF = YES;
				CLANG_WARN_OBJC_LITERAL_CONVERSION = YES;
				CLANG_WARN_OBJC_ROOT_CLASS = YES_ERROR;
				CLANG_WARN_RANGE_LOOP_ANALYSIS = YES;
				CLANG_WARN_STRICT_PROTOTYPES = YES;
				CLANG_WARN_SUSPICIOUS_MOVE = YES;
				CLANG_WARN_UNGUARDED_AVAILABILITY = YES_AGGRESSIVE;
				CLANG_WARN_UNREACHABLE_CODE = YES;
				CLANG_WARN__DUPLICATE_METHOD_MATCH = YES;
				COPY_PHASE_STRIP = NO;
				DEBUG_INFORMATION_FORMAT = dwarf;
				ENABLE_STRICT_OBJC_MSGSEND = YES;
				ENABLE_TESTABILITY = YES;
				GCC_C_LANGUAGE_STANDARD = gnu11;
				GCC_DYNAMIC_NO_PIC = NO;
				GCC_NO_COMMON_BLOCKS = YES;
				GCC_OPTIMIZATION_LEVEL = 0;
				GCC_PREPROCESSOR_DEFINITIONS = (
					"DEBUG=1",
					"$(inherited)",
				);
				GCC_WARN_64_TO_32_BIT_CONVERSION = YES;
				GCC_WARN_ABOUT_RETURN_TYPE = YES_ERROR;
				GCC_WARN_UNDECLARED_SELECTOR = YES;
				GCC_WARN_UNINITIALIZED_AUTOS = YES_AGGRESSIVE;
				GCC_WARN_UNUSED_FUNCTION = YES;
				GCC_WARN_UNUSED_VARIABLE = YES;
				IPHONEOS_DEPLOYMENT_TARGET = 13.2;
				MTL_ENABLE_DEBUG_INFO = INCLUDE_SOURCE;
				MTL_FAST_MATH = YES;
				ONLY_ACTIVE_ARCH = YES;
				SDKROOT = iphoneos;
				SWIFT_ACTIVE_COMPILATION_CONDITIONS = DEBUG;
				SWIFT_OPTIMIZATION_LEVEL = "-Onone";
			};
			name = Debug;
		};
		123FB89F23C95B3200B665D1 /* Release */ = {
			isa = XCBuildConfiguration;
			buildSettings = {
				ALWAYS_SEARCH_USER_PATHS = NO;
				CLANG_ANALYZER_NONNULL = YES;
				CLANG_ANALYZER_NUMBER_OBJECT_CONVERSION = YES_AGGRESSIVE;
				CLANG_CXX_LANGUAGE_STANDARD = "gnu++14";
				CLANG_CXX_LIBRARY = "libc++";
				CLANG_ENABLE_MODULES = YES;
				CLANG_ENABLE_OBJC_ARC = YES;
				CLANG_ENABLE_OBJC_WEAK = YES;
				CLANG_WARN_BLOCK_CAPTURE_AUTORELEASING = YES;
				CLANG_WARN_BOOL_CONVERSION = YES;
				CLANG_WARN_COMMA = YES;
				CLANG_WARN_CONSTANT_CONVERSION = YES;
				CLANG_WARN_DEPRECATED_OBJC_IMPLEMENTATIONS = YES;
				CLANG_WARN_DIRECT_OBJC_ISA_USAGE = YES_ERROR;
				CLANG_WARN_DOCUMENTATION_COMMENTS = YES;
				CLANG_WARN_EMPTY_BODY = YES;
				CLANG_WARN_ENUM_CONVERSION = YES;
				CLANG_WARN_INFINITE_RECURSION = YES;
				CLANG_WARN_INT_CONVERSION = YES;
				CLANG_WARN_NON_LITERAL_NULL_CONVERSION = YES;
				CLANG_WARN_OBJC_IMPLICIT_RETAIN_SELF = YES;
				CLANG_WARN_OBJC_LITERAL_CONVERSION = YES;
				CLANG_WARN_OBJC_ROOT_CLASS = YES_ERROR;
				CLANG_WARN_RANGE_LOOP_ANALYSIS = YES;
				CLANG_WARN_STRICT_PROTOTYPES = YES;
				CLANG_WARN_SUSPICIOUS_MOVE = YES;
				CLANG_WARN_UNGUARDED_AVAILABILITY = YES_AGGRESSIVE;
				CLANG_WARN_UNREACHABLE_CODE = YES;
				CLANG_WARN__DUPLICATE_METHOD_MATCH = YES;
				COPY_PHASE_STRIP = NO;
				DEBUG_INFORMATION_FORMAT = "dwarf-with-dsym";
				ENABLE_NS_ASSERTIONS = NO;
				ENABLE_STRICT_OBJC_MSGSEND = YES;
				GCC_C_LANGUAGE_STANDARD = gnu11;
				GCC_NO_COMMON_BLOCKS = YES;
				GCC_WARN_64_TO_32_BIT_CONVERSION = YES;
				GCC_WARN_ABOUT_RETURN_TYPE = YES_ERROR;
				GCC_WARN_UNDECLARED_SELECTOR = YES;
				GCC_WARN_UNINITIALIZED_AUTOS = YES_AGGRESSIVE;
				GCC_WARN_UNUSED_FUNCTION = YES;
				GCC_WARN_UNUSED_VARIABLE = YES;
				IPHONEOS_DEPLOYMENT_TARGET = 13.2;
				MTL_ENABLE_DEBUG_INFO = NO;
				MTL_FAST_MATH = YES;
				SDKROOT = iphoneos;
				SWIFT_COMPILATION_MODE = wholemodule;
				SWIFT_OPTIMIZATION_LEVEL = "-O";
				VALIDATE_PRODUCT = YES;
			};
			name = Release;
		};
		123FB8A123C95B3200B665D1 /* Debug */ = {
			isa = XCBuildConfiguration;
			buildSettings = {
				ASSETCATALOG_COMPILER_APPICON_NAME = AppIcon;
				CODE_SIGN_STYLE = Automatic;
				DEVELOPMENT_ASSET_PATHS = "\"Manga1/Preview Content\"";
				DEVELOPMENT_TEAM = 6X3GG94W7N;
				ENABLE_PREVIEWS = YES;
				INFOPLIST_FILE = Manga1/Info.plist;
				LD_RUNPATH_SEARCH_PATHS = (
					"$(inherited)",
					"@executable_path/Frameworks",
				);
				PRODUCT_BUNDLE_IDENTIFIER = com.ryotakawasaki.Manga1;
				PRODUCT_NAME = "$(TARGET_NAME)";
				SWIFT_VERSION = 5.0;
				TARGETED_DEVICE_FAMILY = "1,2";
			};
			name = Debug;
		};
		123FB8A223C95B3200B665D1 /* Release */ = {
			isa = XCBuildConfiguration;
			buildSettings = {
				ASSETCATALOG_COMPILER_APPICON_NAME = AppIcon;
				CODE_SIGN_STYLE = Automatic;
				DEVELOPMENT_ASSET_PATHS = "\"Manga1/Preview Content\"";
				DEVELOPMENT_TEAM = 6X3GG94W7N;
				ENABLE_PREVIEWS = YES;
				INFOPLIST_FILE = Manga1/Info.plist;
				LD_RUNPATH_SEARCH_PATHS = (
					"$(inherited)",
					"@executable_path/Frameworks",
				);
				PRODUCT_BUNDLE_IDENTIFIER = com.ryotakawasaki.Manga1;
				PRODUCT_NAME = "$(TARGET_NAME)";
				SWIFT_VERSION = 5.0;
				TARGETED_DEVICE_FAMILY = "1,2";
			};
			name = Release;
		};
/* End XCBuildConfiguration section */

/* Begin XCConfigurationList section */
		123FB88723C95B3100B665D1 /* Build configuration list for PBXProject "Manga1" */ = {
			isa = XCConfigurationList;
			buildConfigurations = (
				123FB89E23C95B3200B665D1 /* Debug */,
				123FB89F23C95B3200B665D1 /* Release */,
			);
			defaultConfigurationIsVisible = 0;
			defaultConfigurationName = Release;
		};
		123FB8A023C95B3200B665D1 /* Build configuration list for PBXNativeTarget "Manga1" */ = {
			isa = XCConfigurationList;
			buildConfigurations = (
				123FB8A123C95B3200B665D1 /* Debug */,
				123FB8A223C95B3200B665D1 /* Release */,
			);
			defaultConfigurationIsVisible = 0;
			defaultConfigurationName = Release;
		};
/* End XCConfigurationList section */
	};
	rootObject = 123FB88423C95B3100B665D1 /* Project object */;
}
